
Microsoft Visual Studio Solution File, Format Version 12.00
# Visual Studio Version 17
VisualStudioVersion = 17.1.32319.34
MinimumVisualStudioVersion = 10.0.40219.1
Project("{FAE04EC0-301F-11D3-BF4B-00C04F79EFBC}") = "Miniprojetinho", "Miniprojetinho\Miniprojetinho.csproj", "{2DF06C6D-C243-407F-9ABE-7AAD2B7C0985}"
EndProject
Global
	GlobalSection(SolutionConfigurationPlatforms) = preSolution
		Debug|Any CPU = Debug|Any CPU
		Release|Any CPU = Release|Any CPU
	EndGlobalSection
	GlobalSection(ProjectConfigurationPlatforms) = postSolution
		{2DF06C6D-C243-407F-9ABE-7AAD2B7C0985}.Debug|Any CPU.ActiveCfg = Debug|Any CPU
		{2DF06C6D-C243-407F-9ABE-7AAD2B7C0985}.Debug|Any CPU.Build.0 = Debug|Any CPU
		{2DF06C6D-C243-407F-9ABE-7AAD2B7C0985}.Release|Any CPU.ActiveCfg = Release|Any CPU
		{2DF06C6D-C243-407F-9ABE-7AAD2B7C0985}.Release|Any CPU.Build.0 = Release|Any CPU
	EndGlobalSection
	GlobalSection(SolutionProperties) = preSolution
		HideSolutionNode = FALSE
	EndGlobalSection
	GlobalSection(ExtensibilityGlobals) = postSolution
		SolutionGuid = {466A71DC-E5F4-48F5-955A-2DC3A218EE5B}
	EndGlobalSection
EndGlobal
